
Microsoft Visual Studio Solution File, Format Version 12.00
# Visual Studio Version 17
VisualStudioVersion = 17.14.36202.13
MinimumVisualStudioVersion = 10.0.40219.1
Project("{FAE04EC0-301F-11D3-BF4B-00C04F79EFBC}") = "Mem0.NetCore", "src\Mem0.NetCore\Mem0.NetCore.csproj", "{B1E301DA-98B8-82FE-E297-D26B2BAA4C58}"
EndProject
Global
	GlobalSection(SolutionConfigurationPlatforms) = preSolution
		Debug|Any CPU = Debug|Any CPU
		Release|Any CPU = Release|Any CPU
	EndGlobalSection
	GlobalSection(ProjectConfigurationPlatforms) = postSolution
		{B1E301DA-98B8-82FE-E297-D26B2BAA4C58}.Debug|Any CPU.ActiveCfg = Debug|Any CPU
		{B1E301DA-98B8-82FE-E297-D26B2BAA4C58}.Debug|Any CPU.Build.0 = Debug|Any CPU
		{B1E301DA-98B8-82FE-E297-D26B2BAA4C58}.Release|Any CPU.ActiveCfg = Release|Any CPU
		{B1E301DA-98B8-82FE-E297-D26B2BAA4C58}.Release|Any CPU.Build.0 = Release|Any CPU
	EndGlobalSection
	GlobalSection(SolutionProperties) = preSolution
		HideSolutionNode = FALSE
	EndGlobalSection
	GlobalSection(ExtensibilityGlobals) = postSolution
		SolutionGuid = {04ED2A20-D103-488D-9DE6-DA1938428A5D}
	EndGlobalSection
EndGlobal
